
Microsoft Visual Studio Solution File, Format Version 12.00
# Visual Studio Version 17
VisualStudioVersion = 17.12.35527.113
MinimumVisualStudioVersion = 10.0.40219.1
Project("{FAE04EC0-301F-11D3-BF4B-00C04F79EFBC}") = "MotionRobotics.LMS.API", "MotionRobotics.LMS.API\MotionRobotics.LMS.API.csproj", "{C17C566A-353E-4AA9-A373-97BBAC9B2868}"
EndProject
Project("{FAE04EC0-301F-11D3-BF4B-00C04F79EFBC}") = "MotionRobotics.LMS.Tests", "MotionRobotics.LMS.Tests\MotionRobotics.LMS.Tests.csproj", "{57D1C2EE-B987-4980-A1F7-9DF14E4D5816}"
EndProject
Global
	GlobalSection(SolutionConfigurationPlatforms) = preSolution
		Debug|Any CPU = Debug|Any CPU
		Debug|x64 = Debug|x64
		Debug|x86 = Debug|x86
		Release|Any CPU = Release|Any CPU
		Release|x64 = Release|x64
		Release|x86 = Release|x86
	EndGlobalSection
	GlobalSection(ProjectConfigurationPlatforms) = postSolution
		{C17C566A-353E-4AA9-A373-97BBAC9B2868}.Debug|Any CPU.ActiveCfg = Debug|Any CPU
		{C17C566A-353E-4AA9-A373-97BBAC9B2868}.Debug|Any CPU.Build.0 = Debug|Any CPU
		{C17C566A-353E-4AA9-A373-97BBAC9B2868}.Debug|x64.ActiveCfg = Debug|Any CPU
		{C17C566A-353E-4AA9-A373-97BBAC9B2868}.Debug|x64.Build.0 = Debug|Any CPU
		{C17C566A-353E-4AA9-A373-97BBAC9B2868}.Debug|x86.ActiveCfg = Debug|Any CPU
		{C17C566A-353E-4AA9-A373-97BBAC9B2868}.Debug|x86.Build.0 = Debug|Any CPU
		{C17C566A-353E-4AA9-A373-97BBAC9B2868}.Release|Any CPU.ActiveCfg = Release|Any CPU
		{C17C566A-353E-4AA9-A373-97BBAC9B2868}.Release|Any CPU.Build.0 = Release|Any CPU
		{C17C566A-353E-4AA9-A373-97BBAC9B2868}.Release|x64.ActiveCfg = Release|Any CPU
		{C17C566A-353E-4AA9-A373-97BBAC9B2868}.Release|x64.Build.0 = Release|Any CPU
		{C17C566A-353E-4AA9-A373-97BBAC9B2868}.Release|x86.ActiveCfg = Release|Any CPU
		{C17C566A-353E-4AA9-A373-97BBAC9B2868}.Release|x86.Build.0 = Release|Any CPU
		{57D1C2EE-B987-4980-A1F7-9DF14E4D5816}.Debug|Any CPU.ActiveCfg = Debug|Any CPU
		{57D1C2EE-B987-4980-A1F7-9DF14E4D5816}.Debug|Any CPU.Build.0 = Debug|Any CPU
		{57D1C2EE-B987-4980-A1F7-9DF14E4D5816}.Debug|x64.ActiveCfg = Debug|Any CPU
		{57D1C2EE-B987-4980-A1F7-9DF14E4D5816}.Debug|x64.Build.0 = Debug|Any CPU
		{57D1C2EE-B987-4980-A1F7-9DF14E4D5816}.Debug|x86.ActiveCfg = Debug|Any CPU
		{57D1C2EE-B987-4980-A1F7-9DF14E4D5816}.Debug|x86.Build.0 = Debug|Any CPU
		{57D1C2EE-B987-4980-A1F7-9DF14E4D5816}.Release|Any CPU.ActiveCfg = Release|Any CPU
		{57D1C2EE-B987-4980-A1F7-9DF14E4D5816}.Release|Any CPU.Build.0 = Release|Any CPU
		{57D1C2EE-B987-4980-A1F7-9DF14E4D5816}.Release|x64.ActiveCfg = Release|Any CPU
		{57D1C2EE-B987-4980-A1F7-9DF14E4D5816}.Release|x64.Build.0 = Release|Any CPU
		{57D1C2EE-B987-4980-A1F7-9DF14E4D5816}.Release|x86.ActiveCfg = Release|Any CPU
		{57D1C2EE-B987-4980-A1F7-9DF14E4D5816}.Release|x86.Build.0 = Release|Any CPU
	EndGlobalSection
	GlobalSection(SolutionProperties) = preSolution
		HideSolutionNode = FALSE
	EndGlobalSection
EndGlobal
